
Microsoft Visual Studio Solution File, Format Version 12.00
# Visual Studio Version 16
VisualStudioVersion = 16.0.30523.141
MinimumVisualStudioVersion = 10.0.40219.1
Project("{FAE04EC0-301F-11D3-BF4B-00C04F79EFBC}") = "miProyecto", "miProyecto\miProyecto.csproj", "{7ECFAD0A-A584-41D5-94FF-0AB41818B122}"
EndProject
Project("{FAE04EC0-301F-11D3-BF4B-00C04F79EFBC}") = "Utilities", "Utilities\Utilities.csproj", "{158B3608-7445-4351-9990-7933B51336E2}"
EndProject
Project("{FAE04EC0-301F-11D3-BF4B-00C04F79EFBC}") = "Domain", "Domain\Domain.csproj", "{BEF29AE6-3070-46C1-9282-A42DD23FBDD7}"
EndProject
Project("{FAE04EC0-301F-11D3-BF4B-00C04F79EFBC}") = "UI", "UI\UI.csproj", "{98A8610F-6A6C-4FBF-8FDC-028825B63746}"
EndProject
Global
	GlobalSection(SolutionConfigurationPlatforms) = preSolution
		Debug|Any CPU = Debug|Any CPU
		Release|Any CPU = Release|Any CPU
	EndGlobalSection
	GlobalSection(ProjectConfigurationPlatforms) = postSolution
		{7ECFAD0A-A584-41D5-94FF-0AB41818B122}.Debug|Any CPU.ActiveCfg = Debug|Any CPU
		{7ECFAD0A-A584-41D5-94FF-0AB41818B122}.Debug|Any CPU.Build.0 = Debug|Any CPU
		{7ECFAD0A-A584-41D5-94FF-0AB41818B122}.Release|Any CPU.ActiveCfg = Release|Any CPU
		{7ECFAD0A-A584-41D5-94FF-0AB41818B122}.Release|Any CPU.Build.0 = Release|Any CPU
		{158B3608-7445-4351-9990-7933B51336E2}.Debug|Any CPU.ActiveCfg = Debug|Any CPU
		{158B3608-7445-4351-9990-7933B51336E2}.Debug|Any CPU.Build.0 = Debug|Any CPU
		{158B3608-7445-4351-9990-7933B51336E2}.Release|Any CPU.ActiveCfg = Release|Any CPU
		{158B3608-7445-4351-9990-7933B51336E2}.Release|Any CPU.Build.0 = Release|Any CPU
		{BEF29AE6-3070-46C1-9282-A42DD23FBDD7}.Debug|Any CPU.ActiveCfg = Debug|Any CPU
		{BEF29AE6-3070-46C1-9282-A42DD23FBDD7}.Debug|Any CPU.Build.0 = Debug|Any CPU
		{BEF29AE6-3070-46C1-9282-A42DD23FBDD7}.Release|Any CPU.ActiveCfg = Release|Any CPU
		{BEF29AE6-3070-46C1-9282-A42DD23FBDD7}.Release|Any CPU.Build.0 = Release|Any CPU
		{98A8610F-6A6C-4FBF-8FDC-028825B63746}.Debug|Any CPU.ActiveCfg = Debug|Any CPU
		{98A8610F-6A6C-4FBF-8FDC-028825B63746}.Debug|Any CPU.Build.0 = Debug|Any CPU
		{98A8610F-6A6C-4FBF-8FDC-028825B63746}.Release|Any CPU.ActiveCfg = Release|Any CPU
		{98A8610F-6A6C-4FBF-8FDC-028825B63746}.Release|Any CPU.Build.0 = Release|Any CPU
	EndGlobalSection
	GlobalSection(SolutionProperties) = preSolution
		HideSolutionNode = FALSE
	EndGlobalSection
	GlobalSection(ExtensibilityGlobals) = postSolution
		SolutionGuid = {4C300B52-B857-4748-9645-17B1CF266480}
	EndGlobalSection
EndGlobal
